
Microsoft Visual Studio Solution File, Format Version 12.00
# Visual Studio Version 16
VisualStudioVersion = 16.0.30523.141
MinimumVisualStudioVersion = 10.0.40219.1
Project("{FAE04EC0-301F-11D3-BF4B-00C04F79EFBC}") = "Sunni_Project1", "Sunni_Project1\Sunni_Project1.csproj", "{0E0BCE8B-1E02-4912-8ECB-5BCAEFA461F8}"
EndProject
Global
	GlobalSection(SolutionConfigurationPlatforms) = preSolution
		Debug|Any CPU = Debug|Any CPU
		Release|Any CPU = Release|Any CPU
	EndGlobalSection
	GlobalSection(ProjectConfigurationPlatforms) = postSolution
		{0E0BCE8B-1E02-4912-8ECB-5BCAEFA461F8}.Debug|Any CPU.ActiveCfg = Debug|Any CPU
		{0E0BCE8B-1E02-4912-8ECB-5BCAEFA461F8}.Debug|Any CPU.Build.0 = Debug|Any CPU
		{0E0BCE8B-1E02-4912-8ECB-5BCAEFA461F8}.Release|Any CPU.ActiveCfg = Release|Any CPU
		{0E0BCE8B-1E02-4912-8ECB-5BCAEFA461F8}.Release|Any CPU.Build.0 = Release|Any CPU
	EndGlobalSection
	GlobalSection(SolutionProperties) = preSolution
		HideSolutionNode = FALSE
	EndGlobalSection
	GlobalSection(ExtensibilityGlobals) = postSolution
		SolutionGuid = {C432BEBB-6751-41BE-91E4-6EDFB64884E0}
	EndGlobalSection
EndGlobal
